
Microsoft Visual Studio Solution File, Format Version 12.00
# Visual Studio Version 16
VisualStudioVersion = 16.0.30413.136
MinimumVisualStudioVersion = 10.0.40219.1
Project("{FAE04EC0-301F-11D3-BF4B-00C04F79EFBC}") = "MultyWindows", "MultyWindows\MultyWindows.csproj", "{1FF9938A-236F-4AE5-9399-7F1EB1A9F2DA}"
EndProject
Global
	GlobalSection(SolutionConfigurationPlatforms) = preSolution
		Debug|Any CPU = Debug|Any CPU
		Release|Any CPU = Release|Any CPU
	EndGlobalSection
	GlobalSection(ProjectConfigurationPlatforms) = postSolution
		{1FF9938A-236F-4AE5-9399-7F1EB1A9F2DA}.Debug|Any CPU.ActiveCfg = Debug|Any CPU
		{1FF9938A-236F-4AE5-9399-7F1EB1A9F2DA}.Debug|Any CPU.Build.0 = Debug|Any CPU
		{1FF9938A-236F-4AE5-9399-7F1EB1A9F2DA}.Release|Any CPU.ActiveCfg = Release|Any CPU
		{1FF9938A-236F-4AE5-9399-7F1EB1A9F2DA}.Release|Any CPU.Build.0 = Release|Any CPU
	EndGlobalSection
	GlobalSection(SolutionProperties) = preSolution
		HideSolutionNode = FALSE
	EndGlobalSection
	GlobalSection(ExtensibilityGlobals) = postSolution
		SolutionGuid = {87E51A1D-2CCA-4EB2-AB1D-976F80C00154}
	EndGlobalSection
EndGlobal
